
Microsoft Visual Studio Solution File, Format Version 12.00
# Visual Studio Version 17
VisualStudioVersion = 17.1.32210.238
MinimumVisualStudioVersion = 10.0.40219.1
Project("{FAE04EC0-301F-11D3-BF4B-00C04F79EFBC}") = "Esquerda.ConsoleApp", "Esquerda.ConsoleApp\Esquerda.ConsoleApp.csproj", "{424769CF-51DA-49D4-9CE9-BD9484A6FE68}"
EndProject
Global
	GlobalSection(SolutionConfigurationPlatforms) = preSolution
		Debug|Any CPU = Debug|Any CPU
		Release|Any CPU = Release|Any CPU
	EndGlobalSection
	GlobalSection(ProjectConfigurationPlatforms) = postSolution
		{424769CF-51DA-49D4-9CE9-BD9484A6FE68}.Debug|Any CPU.ActiveCfg = Debug|Any CPU
		{424769CF-51DA-49D4-9CE9-BD9484A6FE68}.Debug|Any CPU.Build.0 = Debug|Any CPU
		{424769CF-51DA-49D4-9CE9-BD9484A6FE68}.Release|Any CPU.ActiveCfg = Release|Any CPU
		{424769CF-51DA-49D4-9CE9-BD9484A6FE68}.Release|Any CPU.Build.0 = Release|Any CPU
	EndGlobalSection
	GlobalSection(SolutionProperties) = preSolution
		HideSolutionNode = FALSE
	EndGlobalSection
	GlobalSection(ExtensibilityGlobals) = postSolution
		SolutionGuid = {AF7C4FA3-8AE6-427B-B51A-288284DAA9F7}
	EndGlobalSection
EndGlobal
